// !$*UTF8*$!
{
	archiveVersion = 1;
	classes = {
	};
	objectVersion = 50;
	objects = {

/* Begin PBXBuildFile section */
		D517B7FC23CDF9F400FC3F3E /* AppDelegate.swift in Sources */ = {isa = PBXBuildFile; fileRef = D517B7FB23CDF9F400FC3F3E /* AppDelegate.swift */; };
		D517B80723CDF9F400FC3F3E /* Assets.xcassets in Resources */ = {isa = PBXBuildFile; fileRef = D517B80623CDF9F400FC3F3E /* Assets.xcassets */; };
		D517B80A23CDF9F400FC3F3E /* LaunchScreen.storyboard in Resources */ = {isa = PBXBuildFile; fileRef = D517B80823CDF9F400FC3F3E /* LaunchScreen.storyboard */; };
		D517B81523CDF9F500FC3F3E /* FlickSearchPhotoTests.swift in Sources */ = {isa = PBXBuildFile; fileRef = D517B81423CDF9F500FC3F3E /* FlickSearchPhotoTests.swift */; };
		D517B82223CDFD7900FC3F3E /* SearchViewController.swift in Sources */ = {isa = PBXBuildFile; fileRef = D517B82123CDFD7900FC3F3E /* SearchViewController.swift */; };
		D517B82523CDFDC000FC3F3E /* FavoriteViewController.swift in Sources */ = {isa = PBXBuildFile; fileRef = D517B82423CDFDC000FC3F3E /* FavoriteViewController.swift */; };
		D5B5048323CE156200A5332C /* SearchDataSource.swift in Sources */ = {isa = PBXBuildFile; fileRef = D5B5048223CE156200A5332C /* SearchDataSource.swift */; };
		D5B5048523CE2C8D00A5332C /* ResultViewController.swift in Sources */ = {isa = PBXBuildFile; fileRef = D5B5048423CE2C8D00A5332C /* ResultViewController.swift */; };
		D5B5048823CE2DA700A5332C /* UITableViewCell+Extension.swift in Sources */ = {isa = PBXBuildFile; fileRef = D5B5048723CE2DA700A5332C /* UITableViewCell+Extension.swift */; };
		D5B5048A23CE2DC800A5332C /* UIImageView+Extension.swift in Sources */ = {isa = PBXBuildFile; fileRef = D5B5048923CE2DC800A5332C /* UIImageView+Extension.swift */; };
		D5B5048C23CE2DE700A5332C /* UIColor+Extension.swift in Sources */ = {isa = PBXBuildFile; fileRef = D5B5048B23CE2DE700A5332C /* UIColor+Extension.swift */; };
/* End PBXBuildFile section */

/* Begin PBXContainerItemProxy section */
		D517B81123CDF9F500FC3F3E /* PBXContainerItemProxy */ = {
			isa = PBXContainerItemProxy;
			containerPortal = D517B7F023CDF9F400FC3F3E /* Project object */;
			proxyType = 1;
			remoteGlobalIDString = D517B7F723CDF9F400FC3F3E;
			remoteInfo = FlickSearchPhoto;
		};
/* End PBXContainerItemProxy section */

/* Begin PBXFileReference section */
		D517B7F823CDF9F400FC3F3E /* FlickSearchPhoto.app */ = {isa = PBXFileReference; explicitFileType = wrapper.application; includeInIndex = 0; path = FlickSearchPhoto.app; sourceTree = BUILT_PRODUCTS_DIR; };
		D517B7FB23CDF9F400FC3F3E /* AppDelegate.swift */ = {isa = PBXFileReference; lastKnownFileType = sourcecode.swift; path = AppDelegate.swift; sourceTree = "<group>"; };
		D517B80623CDF9F400FC3F3E /* Assets.xcassets */ = {isa = PBXFileReference; lastKnownFileType = folder.assetcatalog; path = Assets.xcassets; sourceTree = "<group>"; };
		D517B80923CDF9F400FC3F3E /* Base */ = {isa = PBXFileReference; lastKnownFileType = file.storyboard; name = Base; path = Base.lproj/LaunchScreen.storyboard; sourceTree = "<group>"; };
		D517B80B23CDF9F400FC3F3E /* Info.plist */ = {isa = PBXFileReference; lastKnownFileType = text.plist.xml; path = Info.plist; sourceTree = "<group>"; };
		D517B81023CDF9F500FC3F3E /* FlickSearchPhotoTests.xctest */ = {isa = PBXFileReference; explicitFileType = wrapper.cfbundle; includeInIndex = 0; path = FlickSearchPhotoTests.xctest; sourceTree = BUILT_PRODUCTS_DIR; };
		D517B81423CDF9F500FC3F3E /* FlickSearchPhotoTests.swift */ = {isa = PBXFileReference; lastKnownFileType = sourcecode.swift; path = FlickSearchPhotoTests.swift; sourceTree = "<group>"; };
		D517B81623CDF9F500FC3F3E /* Info.plist */ = {isa = PBXFileReference; lastKnownFileType = text.plist.xml; path = Info.plist; sourceTree = "<group>"; };
		D517B82123CDFD7900FC3F3E /* SearchViewController.swift */ = {isa = PBXFileReference; lastKnownFileType = sourcecode.swift; path = SearchViewController.swift; sourceTree = "<group>"; };
		D517B82423CDFDC000FC3F3E /* FavoriteViewController.swift */ = {isa = PBXFileReference; lastKnownFileType = sourcecode.swift; path = FavoriteViewController.swift; sourceTree = "<group>"; };
		D5B5048223CE156200A5332C /* SearchDataSource.swift */ = {isa = PBXFileReference; lastKnownFileType = sourcecode.swift; path = SearchDataSource.swift; sourceTree = "<group>"; };
		D5B5048423CE2C8D00A5332C /* ResultViewController.swift */ = {isa = PBXFileReference; lastKnownFileType = sourcecode.swift; path = ResultViewController.swift; sourceTree = "<group>"; };
		D5B5048723CE2DA700A5332C /* UITableViewCell+Extension.swift */ = {isa = PBXFileReference; lastKnownFileType = sourcecode.swift; path = "UITableViewCell+Extension.swift"; sourceTree = "<group>"; };
		D5B5048923CE2DC800A5332C /* UIImageView+Extension.swift */ = {isa = PBXFileReference; lastKnownFileType = sourcecode.swift; path = "UIImageView+Extension.swift"; sourceTree = "<group>"; };
		D5B5048B23CE2DE700A5332C /* UIColor+Extension.swift */ = {isa = PBXFileReference; lastKnownFileType = sourcecode.swift; path = "UIColor+Extension.swift"; sourceTree = "<group>"; };
/* End PBXFileReference section */

/* Begin PBXFrameworksBuildPhase section */
		D517B7F523CDF9F400FC3F3E /* Frameworks */ = {
			isa = PBXFrameworksBuildPhase;
			buildActionMask = 2147483647;
			files = (
			);
			runOnlyForDeploymentPostprocessing = 0;
		};
		D517B80D23CDF9F500FC3F3E /* Frameworks */ = {
			isa = PBXFrameworksBuildPhase;
			buildActionMask = 2147483647;
			files = (
			);
			runOnlyForDeploymentPostprocessing = 0;
		};
/* End PBXFrameworksBuildPhase section */

/* Begin PBXGroup section */
		D517B7EF23CDF9F400FC3F3E = {
			isa = PBXGroup;
			children = (
				D517B7FA23CDF9F400FC3F3E /* FlickSearchPhoto */,
				D517B81323CDF9F500FC3F3E /* FlickSearchPhotoTests */,
				D517B7F923CDF9F400FC3F3E /* Products */,
			);
			sourceTree = "<group>";
		};
		D517B7F923CDF9F400FC3F3E /* Products */ = {
			isa = PBXGroup;
			children = (
				D517B7F823CDF9F400FC3F3E /* FlickSearchPhoto.app */,
				D517B81023CDF9F500FC3F3E /* FlickSearchPhotoTests.xctest */,
			);
			name = Products;
			sourceTree = "<group>";
		};
		D517B7FA23CDF9F400FC3F3E /* FlickSearchPhoto */ = {
			isa = PBXGroup;
			children = (
				D517B82323CDFD8300FC3F3E /* Classes */,
				D517B80623CDF9F400FC3F3E /* Assets.xcassets */,
				D517B80823CDF9F400FC3F3E /* LaunchScreen.storyboard */,
				D517B80B23CDF9F400FC3F3E /* Info.plist */,
			);
			path = FlickSearchPhoto;
			sourceTree = "<group>";
		};
		D517B81323CDF9F500FC3F3E /* FlickSearchPhotoTests */ = {
			isa = PBXGroup;
			children = (
				D517B81423CDF9F500FC3F3E /* FlickSearchPhotoTests.swift */,
				D517B81623CDF9F500FC3F3E /* Info.plist */,
			);
			path = FlickSearchPhotoTests;
			sourceTree = "<group>";
		};
		D517B82323CDFD8300FC3F3E /* Classes */ = {
			isa = PBXGroup;
			children = (
				D5B5048623CE2D8200A5332C /* Extension */,
				D517B7FB23CDF9F400FC3F3E /* AppDelegate.swift */,
				D517B82123CDFD7900FC3F3E /* SearchViewController.swift */,
				D5B5048223CE156200A5332C /* SearchDataSource.swift */,
				D5B5048423CE2C8D00A5332C /* ResultViewController.swift */,
				D517B82423CDFDC000FC3F3E /* FavoriteViewController.swift */,
			);
			path = Classes;
			sourceTree = "<group>";
		};
		D5B5048623CE2D8200A5332C /* Extension */ = {
			isa = PBXGroup;
			children = (
				D5B5048723CE2DA700A5332C /* UITableViewCell+Extension.swift */,
				D5B5048923CE2DC800A5332C /* UIImageView+Extension.swift */,
				D5B5048B23CE2DE700A5332C /* UIColor+Extension.swift */,
			);
			path = Extension;
			sourceTree = "<group>";
		};
/* End PBXGroup section */

/* Begin PBXNativeTarget section */
		D517B7F723CDF9F400FC3F3E /* FlickSearchPhoto */ = {
			isa = PBXNativeTarget;
			buildConfigurationList = D517B81923CDF9F500FC3F3E /* Build configuration list for PBXNativeTarget "FlickSearchPhoto" */;
			buildPhases = (
				D517B7F423CDF9F400FC3F3E /* Sources */,
				D517B7F523CDF9F400FC3F3E /* Frameworks */,
				D517B7F623CDF9F400FC3F3E /* Resources */,
			);
			buildRules = (
			);
			dependencies = (
			);
			name = FlickSearchPhoto;
			productName = FlickSearchPhoto;
			productReference = D517B7F823CDF9F400FC3F3E /* FlickSearchPhoto.app */;
			productType = "com.apple.product-type.application";
		};
		D517B80F23CDF9F500FC3F3E /* FlickSearchPhotoTests */ = {
			isa = PBXNativeTarget;
			buildConfigurationList = D517B81C23CDF9F500FC3F3E /* Build configuration list for PBXNativeTarget "FlickSearchPhotoTests" */;
			buildPhases = (
				D517B80C23CDF9F500FC3F3E /* Sources */,
				D517B80D23CDF9F500FC3F3E /* Frameworks */,
				D517B80E23CDF9F500FC3F3E /* Resources */,
			);
			buildRules = (
			);
			dependencies = (
				D517B81223CDF9F500FC3F3E /* PBXTargetDependency */,
			);
			name = FlickSearchPhotoTests;
			productName = FlickSearchPhotoTests;
			productReference = D517B81023CDF9F500FC3F3E /* FlickSearchPhotoTests.xctest */;
			productType = "com.apple.product-type.bundle.unit-test";
		};
/* End PBXNativeTarget section */

/* Begin PBXProject section */
		D517B7F023CDF9F400FC3F3E /* Project object */ = {
			isa = PBXProject;
			attributes = {
				LastSwiftUpdateCheck = 1110;
				LastUpgradeCheck = 1110;
				ORGANIZATIONNAME = "張聰益";
				TargetAttributes = {
					D517B7F723CDF9F400FC3F3E = {
						CreatedOnToolsVersion = 11.1;
					};
					D517B80F23CDF9F500FC3F3E = {
						CreatedOnToolsVersion = 11.1;
						TestTargetID = D517B7F723CDF9F400FC3F3E;
					};
				};
			};
			buildConfigurationList = D517B7F323CDF9F400FC3F3E /* Build configuration list for PBXProject "FlickSearchPhoto" */;
			compatibilityVersion = "Xcode 9.3";
			developmentRegion = en;
			hasScannedForEncodings = 0;
			knownRegions = (
				en,
				Base,
			);
			mainGroup = D517B7EF23CDF9F400FC3F3E;
			productRefGroup = D517B7F923CDF9F400FC3F3E /* Products */;
			projectDirPath = "";
			projectRoot = "";
			targets = (
				D517B7F723CDF9F400FC3F3E /* FlickSearchPhoto */,
				D517B80F23CDF9F500FC3F3E /* FlickSearchPhotoTests */,
			);
		};
/* End PBXProject section */

/* Begin PBXResourcesBuildPhase section */
		D517B7F623CDF9F400FC3F3E /* Resources */ = {
			isa = PBXResourcesBuildPhase;
			buildActionMask = 2147483647;
			files = (
				D517B80A23CDF9F400FC3F3E /* LaunchScreen.storyboard in Resources */,
				D517B80723CDF9F400FC3F3E /* Assets.xcassets in Resources */,
			);
			runOnlyForDeploymentPostprocessing = 0;
		};
		D517B80E23CDF9F500FC3F3E /* Resources */ = {
			isa = PBXResourcesBuildPhase;
			buildActionMask = 2147483647;
			files = (
			);
			runOnlyForDeploymentPostprocessing = 0;
		};
/* End PBXResourcesBuildPhase section */

/* Begin PBXSourcesBuildPhase section */
		D517B7F423CDF9F400FC3F3E /* Sources */ = {
			isa = PBXSourcesBuildPhase;
			buildActionMask = 2147483647;
			files = (
				D5B5048523CE2C8D00A5332C /* ResultViewController.swift in Sources */,
				D5B5048823CE2DA700A5332C /* UITableViewCell+Extension.swift in Sources */,
				D5B5048A23CE2DC800A5332C /* UIImageView+Extension.swift in Sources */,
				D517B7FC23CDF9F400FC3F3E /* AppDelegate.swift in Sources */,
				D517B82523CDFDC000FC3F3E /* FavoriteViewController.swift in Sources */,
				D517B82223CDFD7900FC3F3E /* SearchViewController.swift in Sources */,
				D5B5048323CE156200A5332C /* SearchDataSource.swift in Sources */,
				D5B5048C23CE2DE700A5332C /* UIColor+Extension.swift in Sources */,
			);
			runOnlyForDeploymentPostprocessing = 0;
		};
		D517B80C23CDF9F500FC3F3E /* Sources */ = {
			isa = PBXSourcesBuildPhase;
			buildActionMask = 2147483647;
			files = (
				D517B81523CDF9F500FC3F3E /* FlickSearchPhotoTests.swift in Sources */,
			);
			runOnlyForDeploymentPostprocessing = 0;
		};
/* End PBXSourcesBuildPhase section */

/* Begin PBXTargetDependency section */
		D517B81223CDF9F500FC3F3E /* PBXTargetDependency */ = {
			isa = PBXTargetDependency;
			target = D517B7F723CDF9F400FC3F3E /* FlickSearchPhoto */;
			targetProxy = D517B81123CDF9F500FC3F3E /* PBXContainerItemProxy */;
		};
/* End PBXTargetDependency section */

/* Begin PBXVariantGroup section */
		D517B80823CDF9F400FC3F3E /* LaunchScreen.storyboard */ = {
			isa = PBXVariantGroup;
			children = (
				D517B80923CDF9F400FC3F3E /* Base */,
			);
			name = LaunchScreen.storyboard;
			sourceTree = "<group>";
		};
/* End PBXVariantGroup section */

/* Begin XCBuildConfiguration section */
		D517B81723CDF9F500FC3F3E /* Debug */ = {
			isa = XCBuildConfiguration;
			buildSettings = {
				ALWAYS_SEARCH_USER_PATHS = NO;
				CLANG_ANALYZER_NONNULL = YES;
				CLANG_ANALYZER_NUMBER_OBJECT_CONVERSION = YES_AGGRESSIVE;
				CLANG_CXX_LANGUAGE_STANDARD = "gnu++14";
				CLANG_CXX_LIBRARY = "libc++";
				CLANG_ENABLE_MODULES = YES;
				CLANG_ENABLE_OBJC_ARC = YES;
				CLANG_ENABLE_OBJC_WEAK = YES;
				CLANG_WARN_BLOCK_CAPTURE_AUTORELEASING = YES;
				CLANG_WARN_BOOL_CONVERSION = YES;
				CLANG_WARN_COMMA = YES;
				CLANG_WARN_CONSTANT_CONVERSION = YES;
				CLANG_WARN_DEPRECATED_OBJC_IMPLEMENTATIONS = YES;
				CLANG_WARN_DIRECT_OBJC_ISA_USAGE = YES_ERROR;
				CLANG_WARN_DOCUMENTATION_COMMENTS = YES;
				CLANG_WARN_EMPTY_BODY = YES;
				CLANG_WARN_ENUM_CONVERSION = YES;
				CLANG_WARN_INFINITE_RECURSION = YES;
				CLANG_WARN_INT_CONVERSION = YES;
				CLANG_WARN_NON_LITERAL_NULL_CONVERSION = YES;
				CLANG_WARN_OBJC_IMPLICIT_RETAIN_SELF = YES;
				CLANG_WARN_OBJC_LITERAL_CONVERSION = YES;
				CLANG_WARN_OBJC_ROOT_CLASS = YES_ERROR;
				CLANG_WARN_RANGE_LOOP_ANALYSIS = YES;
				CLANG_WARN_STRICT_PROTOTYPES = YES;
				CLANG_WARN_SUSPICIOUS_MOVE = YES;
				CLANG_WARN_UNGUARDED_AVAILABILITY = YES_AGGRESSIVE;
				CLANG_WARN_UNREACHABLE_CODE = YES;
				CLANG_WARN__DUPLICATE_METHOD_MATCH = YES;
				COPY_PHASE_STRIP = NO;
				DEBUG_INFORMATION_FORMAT = dwarf;
				ENABLE_STRICT_OBJC_MSGSEND = YES;
				ENABLE_TESTABILITY = YES;
				GCC_C_LANGUAGE_STANDARD = gnu11;
				GCC_DYNAMIC_NO_PIC = NO;
				GCC_NO_COMMON_BLOCKS = YES;
				GCC_OPTIMIZATION_LEVEL = 0;
				GCC_PREPROCESSOR_DEFINITIONS = (
					"DEBUG=1",
					"$(inherited)",
				);
				GCC_WARN_64_TO_32_BIT_CONVERSION = YES;
				GCC_WARN_ABOUT_RETURN_TYPE = YES_ERROR;
				GCC_WARN_UNDECLARED_SELECTOR = YES;
				GCC_WARN_UNINITIALIZED_AUTOS = YES_AGGRESSIVE;
				GCC_WARN_UNUSED_FUNCTION = YES;
				GCC_WARN_UNUSED_VARIABLE = YES;
				IPHONEOS_DEPLOYMENT_TARGET = 13.1;
				MTL_ENABLE_DEBUG_INFO = INCLUDE_SOURCE;
				MTL_FAST_MATH = YES;
				ONLY_ACTIVE_ARCH = YES;
				SDKROOT = iphoneos;
				SWIFT_ACTIVE_COMPILATION_CONDITIONS = DEBUG;
				SWIFT_OPTIMIZATION_LEVEL = "-Onone";
			};
			name = Debug;
		};
		D517B81823CDF9F500FC3F3E /* Release */ = {
			isa = XCBuildConfiguration;
			buildSettings = {
				ALWAYS_SEARCH_USER_PATHS = NO;
				CLANG_ANALYZER_NONNULL = YES;
				CLANG_ANALYZER_NUMBER_OBJECT_CONVERSION = YES_AGGRESSIVE;
				CLANG_CXX_LANGUAGE_STANDARD = "gnu++14";
				CLANG_CXX_LIBRARY = "libc++";
				CLANG_ENABLE_MODULES = YES;
				CLANG_ENABLE_OBJC_ARC = YES;
				CLANG_ENABLE_OBJC_WEAK = YES;
				CLANG_WARN_BLOCK_CAPTURE_AUTORELEASING = YES;
				CLANG_WARN_BOOL_CONVERSION = YES;
				CLANG_WARN_COMMA = YES;
				CLANG_WARN_CONSTANT_CONVERSION = YES;
				CLANG_WARN_DEPRECATED_OBJC_IMPLEMENTATIONS = YES;
				CLANG_WARN_DIRECT_OBJC_ISA_USAGE = YES_ERROR;
				CLANG_WARN_DOCUMENTATION_COMMENTS = YES;
				CLANG_WARN_EMPTY_BODY = YES;
				CLANG_WARN_ENUM_CONVERSION = YES;
				CLANG_WARN_INFINITE_RECURSION = YES;
				CLANG_WARN_INT_CONVERSION = YES;
				CLANG_WARN_NON_LITERAL_NULL_CONVERSION = YES;
				CLANG_WARN_OBJC_IMPLICIT_RETAIN_SELF = YES;
				CLANG_WARN_OBJC_LITERAL_CONVERSION = YES;
				CLANG_WARN_OBJC_ROOT_CLASS = YES_ERROR;
				CLANG_WARN_RANGE_LOOP_ANALYSIS = YES;
				CLANG_WARN_STRICT_PROTOTYPES = YES;
				CLANG_WARN_SUSPICIOUS_MOVE = YES;
				CLANG_WARN_UNGUARDED_AVAILABILITY = YES_AGGRESSIVE;
				CLANG_WARN_UNREACHABLE_CODE = YES;
				CLANG_WARN__DUPLICATE_METHOD_MATCH = YES;
				COPY_PHASE_STRIP = NO;
				DEBUG_INFORMATION_FORMAT = "dwarf-with-dsym";
				ENABLE_NS_ASSERTIONS = NO;
				ENABLE_STRICT_OBJC_MSGSEND = YES;
				GCC_C_LANGUAGE_STANDARD = gnu11;
				GCC_NO_COMMON_BLOCKS = YES;
				GCC_WARN_64_TO_32_BIT_CONVERSION = YES;
				GCC_WARN_ABOUT_RETURN_TYPE = YES_ERROR;
				GCC_WARN_UNDECLARED_SELECTOR = YES;
				GCC_WARN_UNINITIALIZED_AUTOS = YES_AGGRESSIVE;
				GCC_WARN_UNUSED_FUNCTION = YES;
				GCC_WARN_UNUSED_VARIABLE = YES;
				IPHONEOS_DEPLOYMENT_TARGET = 13.1;
				MTL_ENABLE_DEBUG_INFO = NO;
				MTL_FAST_MATH = YES;
				SDKROOT = iphoneos;
				SWIFT_COMPILATION_MODE = wholemodule;
				SWIFT_OPTIMIZATION_LEVEL = "-O";
				VALIDATE_PRODUCT = YES;
			};
			name = Release;
		};
		D517B81A23CDF9F500FC3F3E /* Debug */ = {
			isa = XCBuildConfiguration;
			buildSettings = {
				ASSETCATALOG_COMPILER_APPICON_NAME = AppIcon;
				CODE_SIGN_STYLE = Automatic;
				DEVELOPMENT_TEAM = N4B9QBSH7R;
				INFOPLIST_FILE = FlickSearchPhoto/Info.plist;
				LD_RUNPATH_SEARCH_PATHS = (
					"$(inherited)",
					"@executable_path/Frameworks",
				);
				PRODUCT_BUNDLE_IDENTIFIER = Onion.FlickSearchPhoto;
				PRODUCT_NAME = "$(TARGET_NAME)";
				SWIFT_VERSION = 5.0;
				TARGETED_DEVICE_FAMILY = "1,2";
			};
			name = Debug;
		};
		D517B81B23CDF9F500FC3F3E /* Release */ = {
			isa = XCBuildConfiguration;
			buildSettings = {
				ASSETCATALOG_COMPILER_APPICON_NAME = AppIcon;
				CODE_SIGN_STYLE = Automatic;
				DEVELOPMENT_TEAM = N4B9QBSH7R;
				INFOPLIST_FILE = FlickSearchPhoto/Info.plist;
				LD_RUNPATH_SEARCH_PATHS = (
					"$(inherited)",
					"@executable_path/Frameworks",
				);
				PRODUCT_BUNDLE_IDENTIFIER = Onion.FlickSearchPhoto;
				PRODUCT_NAME = "$(TARGET_NAME)";
				SWIFT_VERSION = 5.0;
				TARGETED_DEVICE_FAMILY = "1,2";
			};
			name = Release;
		};
		D517B81D23CDF9F500FC3F3E /* Debug */ = {
			isa = XCBuildConfiguration;
			buildSettings = {
				ALWAYS_EMBED_SWIFT_STANDARD_LIBRARIES = YES;
				BUNDLE_LOADER = "$(TEST_HOST)";
				CODE_SIGN_STYLE = Automatic;
				DEVELOPMENT_TEAM = N4B9QBSH7R;
				INFOPLIST_FILE = FlickSearchPhotoTests/Info.plist;
				IPHONEOS_DEPLOYMENT_TARGET = 13.1;
				LD_RUNPATH_SEARCH_PATHS = (
					"$(inherited)",
					"@executable_path/Frameworks",
					"@loader_path/Frameworks",
				);
				PRODUCT_BUNDLE_IDENTIFIER = Onion.FlickSearchPhotoTests;
				PRODUCT_NAME = "$(TARGET_NAME)";
				SWIFT_VERSION = 5.0;
				TARGETED_DEVICE_FAMILY = "1,2";
				TEST_HOST = "$(BUILT_PRODUCTS_DIR)/FlickSearchPhoto.app/FlickSearchPhoto";
			};
			name = Debug;
		};
		D517B81E23CDF9F500FC3F3E /* Release */ = {
			isa = XCBuildConfiguration;
			buildSettings = {
				ALWAYS_EMBED_SWIFT_STANDARD_LIBRARIES = YES;
				BUNDLE_LOADER = "$(TEST_HOST)";
				CODE_SIGN_STYLE = Automatic;
				DEVELOPMENT_TEAM = N4B9QBSH7R;
				INFOPLIST_FILE = FlickSearchPhotoTests/Info.plist;
				IPHONEOS_DEPLOYMENT_TARGET = 13.1;
				LD_RUNPATH_SEARCH_PATHS = (
					"$(inherited)",
					"@executable_path/Frameworks",
					"@loader_path/Frameworks",
				);
				PRODUCT_BUNDLE_IDENTIFIER = Onion.FlickSearchPhotoTests;
				PRODUCT_NAME = "$(TARGET_NAME)";
				SWIFT_VERSION = 5.0;
				TARGETED_DEVICE_FAMILY = "1,2";
				TEST_HOST = "$(BUILT_PRODUCTS_DIR)/FlickSearchPhoto.app/FlickSearchPhoto";
			};
			name = Release;
		};
/* End XCBuildConfiguration section */

/* Begin XCConfigurationList section */
		D517B7F323CDF9F400FC3F3E /* Build configuration list for PBXProject "FlickSearchPhoto" */ = {
			isa = XCConfigurationList;
			buildConfigurations = (
				D517B81723CDF9F500FC3F3E /* Debug */,
				D517B81823CDF9F500FC3F3E /* Release */,
			);
			defaultConfigurationIsVisible = 0;
			defaultConfigurationName = Release;
		};
		D517B81923CDF9F500FC3F3E /* Build configuration list for PBXNativeTarget "FlickSearchPhoto" */ = {
			isa = XCConfigurationList;
			buildConfigurations = (
				D517B81A23CDF9F500FC3F3E /* Debug */,
				D517B81B23CDF9F500FC3F3E /* Release */,
			);
			defaultConfigurationIsVisible = 0;
			defaultConfigurationName = Release;
		};
		D517B81C23CDF9F500FC3F3E /* Build configuration list for PBXNativeTarget "FlickSearchPhotoTests" */ = {
			isa = XCConfigurationList;
			buildConfigurations = (
				D517B81D23CDF9F500FC3F3E /* Debug */,
				D517B81E23CDF9F500FC3F3E /* Release */,
			);
			defaultConfigurationIsVisible = 0;
			defaultConfigurationName = Release;
		};
/* End XCConfigurationList section */
	};
	rootObject = D517B7F023CDF9F400FC3F3E /* Project object */;
}
